
Microsoft Visual Studio Solution File, Format Version 12.00
# Visual Studio Version 16
VisualStudioVersion = 16.0.31424.327
MinimumVisualStudioVersion = 10.0.40219.1
Project("{888888A0-9F3D-457C-B088-3A5042F75D52}") = "Logarit", "Logarit\Logarit.pyproj", "{8D23FA1B-4DDD-49C9-B51E-C9338FDFDD59}"
EndProject
Global
	GlobalSection(SolutionConfigurationPlatforms) = preSolution
		Debug|Any CPU = Debug|Any CPU
		Release|Any CPU = Release|Any CPU
	EndGlobalSection
	GlobalSection(ProjectConfigurationPlatforms) = postSolution
		{8D23FA1B-4DDD-49C9-B51E-C9338FDFDD59}.Debug|Any CPU.ActiveCfg = Debug|Any CPU
		{8D23FA1B-4DDD-49C9-B51E-C9338FDFDD59}.Release|Any CPU.ActiveCfg = Release|Any CPU
	EndGlobalSection
	GlobalSection(SolutionProperties) = preSolution
		HideSolutionNode = FALSE
	EndGlobalSection
	GlobalSection(ExtensibilityGlobals) = postSolution
		SolutionGuid = {F929C1AB-6AE9-47C8-A155-C1051311C800}
	EndGlobalSection
EndGlobal
